// !$*UTF8*$!
{
	archiveVersion = 1;
	classes = {
	};
	objectVersion = 51;
	objects = {

/* Begin PBXBuildFile section */
		420405D1ECC92B2C5B1273D4 /* Pods_Employee_DirectoryTests.framework in Frameworks */ = {isa = PBXBuildFile; fileRef = 3148504B31F5DC78158D7BBD /* Pods_Employee_DirectoryTests.framework */; };
		BDE1F2E225F91402009F6529 /* AppDelegate.swift in Sources */ = {isa = PBXBuildFile; fileRef = BDE1F2E125F91402009F6529 /* AppDelegate.swift */; };
		BDE1F2E425F91402009F6529 /* SceneDelegate.swift in Sources */ = {isa = PBXBuildFile; fileRef = BDE1F2E325F91402009F6529 /* SceneDelegate.swift */; };
		BDE1F2EB25F91404009F6529 /* Assets.xcassets in Resources */ = {isa = PBXBuildFile; fileRef = BDE1F2EA25F91404009F6529 /* Assets.xcassets */; };
		BDE1F2EE25F91404009F6529 /* LaunchScreen.storyboard in Resources */ = {isa = PBXBuildFile; fileRef = BDE1F2EC25F91404009F6529 /* LaunchScreen.storyboard */; };
		BDE1F33C25F92453009F6529 /* InitialScreenTest.swift in Sources */ = {isa = PBXBuildFile; fileRef = BDE1F33B25F92453009F6529 /* InitialScreenTest.swift */; };
		BDE1F34425F924E0009F6529 /* Networking.swift in Sources */ = {isa = PBXBuildFile; fileRef = BDE1F34025F924E0009F6529 /* Networking.swift */; };
		BDE1F34525F924E0009F6529 /* NetworkSession.swift in Sources */ = {isa = PBXBuildFile; fileRef = BDE1F34125F924E0009F6529 /* NetworkSession.swift */; };
		BDE1F34625F924E0009F6529 /* NetworkingErrorHandler.swift in Sources */ = {isa = PBXBuildFile; fileRef = BDE1F34225F924E0009F6529 /* NetworkingErrorHandler.swift */; };
		BDE1F34725F924E0009F6529 /* NetworkingRouter.swift in Sources */ = {isa = PBXBuildFile; fileRef = BDE1F34325F924E0009F6529 /* NetworkingRouter.swift */; };
		BDE1F34E25F924FD009F6529 /* NetworkingErrorHandlerTests.swift in Sources */ = {isa = PBXBuildFile; fileRef = BDE1F34B25F924FD009F6529 /* NetworkingErrorHandlerTests.swift */; };
		BDE1F34F25F924FD009F6529 /* NetworkingRouterTests.swift in Sources */ = {isa = PBXBuildFile; fileRef = BDE1F34C25F924FD009F6529 /* NetworkingRouterTests.swift */; };
		BDE1F35025F924FD009F6529 /* NetworkingTests.swift in Sources */ = {isa = PBXBuildFile; fileRef = BDE1F34D25F924FD009F6529 /* NetworkingTests.swift */; };
		BDE1F35725F9252D009F6529 /* MockNetworking.swift in Sources */ = {isa = PBXBuildFile; fileRef = BDE1F35625F9252D009F6529 /* MockNetworking.swift */; };
		BDE1F35D25F92560009F6529 /* MockEmployees.swift in Sources */ = {isa = PBXBuildFile; fileRef = BDE1F35C25F92560009F6529 /* MockEmployees.swift */; };
		BDE1F36A25F925B6009F6529 /* Employees+Extension.swift in Sources */ = {isa = PBXBuildFile; fileRef = BDE1F36325F925B6009F6529 /* Employees+Extension.swift */; };
		BDE1F36B25F925B6009F6529 /* Employee+Extension.swift in Sources */ = {isa = PBXBuildFile; fileRef = BDE1F36425F925B6009F6529 /* Employee+Extension.swift */; };
		BDE1F36D25F925B6009F6529 /* Employee.pb.swift in Sources */ = {isa = PBXBuildFile; fileRef = BDE1F36725F925B6009F6529 /* Employee.pb.swift */; };
		BDE1F36E25F925B6009F6529 /* Employees.pb.swift in Sources */ = {isa = PBXBuildFile; fileRef = BDE1F36825F925B6009F6529 /* Employees.pb.swift */; };
		BDE1F37425F925CD009F6529 /* EmployeeModelTests.swift in Sources */ = {isa = PBXBuildFile; fileRef = BDE1F37325F925CD009F6529 /* EmployeeModelTests.swift */; };
		BDE1F37A25F9264C009F6529 /* MockSessions.swift in Sources */ = {isa = PBXBuildFile; fileRef = BDE1F37925F9264C009F6529 /* MockSessions.swift */; };
		BDE1F38225F92670009F6529 /* employees_malformed.json in Resources */ = {isa = PBXBuildFile; fileRef = BDE1F37F25F92670009F6529 /* employees_malformed.json */; };
		BDE1F38325F92670009F6529 /* employees.json in Resources */ = {isa = PBXBuildFile; fileRef = BDE1F38025F92670009F6529 /* employees.json */; };
		BDE1F38425F92670009F6529 /* employees_empty.json in Resources */ = {isa = PBXBuildFile; fileRef = BDE1F38125F92670009F6529 /* employees_empty.json */; };
		BDE1F38F25F92FA1009F6529 /* CacheService.swift in Sources */ = {isa = PBXBuildFile; fileRef = BDE1F38A25F92FA1009F6529 /* CacheService.swift */; };
		BDE1F39025F92FA1009F6529 /* EmployeeService.swift in Sources */ = {isa = PBXBuildFile; fileRef = BDE1F38B25F92FA1009F6529 /* EmployeeService.swift */; };
		BDE1F39125F92FA1009F6529 /* CachedImageView.swift in Sources */ = {isa = PBXBuildFile; fileRef = BDE1F38D25F92FA1009F6529 /* CachedImageView.swift */; };
		BDE1F39225F92FA1009F6529 /* SquareColors.swift in Sources */ = {isa = PBXBuildFile; fileRef = BDE1F38E25F92FA1009F6529 /* SquareColors.swift */; };
		BDE1F39A25F92FB1009F6529 /* CachedImageViewTests.swift in Sources */ = {isa = PBXBuildFile; fileRef = BDE1F39625F92FB0009F6529 /* CachedImageViewTests.swift */; };
		BDE1F39B25F92FB1009F6529 /* EmployeeServiceTests.swift in Sources */ = {isa = PBXBuildFile; fileRef = BDE1F39825F92FB0009F6529 /* EmployeeServiceTests.swift */; };
		BDE1F39C25F92FB1009F6529 /* CacheServiceTests.swift in Sources */ = {isa = PBXBuildFile; fileRef = BDE1F39925F92FB0009F6529 /* CacheServiceTests.swift */; };
		BDE1F3A525F92FC9009F6529 /* StringHelper.swift in Sources */ = {isa = PBXBuildFile; fileRef = BDE1F3A325F92FC9009F6529 /* StringHelper.swift */; };
		BDE1F3B025F93006009F6529 /* MockCacheImageViewSessions.swift in Sources */ = {isa = PBXBuildFile; fileRef = BDE1F3AF25F93006009F6529 /* MockCacheImageViewSessions.swift */; };
		BDE1F3B625F93274009F6529 /* Localizable.strings in Resources */ = {isa = PBXBuildFile; fileRef = BDE1F3B525F93274009F6529 /* Localizable.strings */; };
		BDE1F3C125F9594C009F6529 /* EmployeesListViewModel.swift in Sources */ = {isa = PBXBuildFile; fileRef = BDE1F3C025F9594C009F6529 /* EmployeesListViewModel.swift */; };
		BDE1F3C825F9595C009F6529 /* EmployeesListViewModelTests.swift in Sources */ = {isa = PBXBuildFile; fileRef = BDE1F3C725F9595C009F6529 /* EmployeesListViewModelTests.swift */; };
		BDE1F3CE25F95985009F6529 /* MockEmployeeService.swift in Sources */ = {isa = PBXBuildFile; fileRef = BDE1F3CD25F95985009F6529 /* MockEmployeeService.swift */; };
		BDE1F3EA25F95A95009F6529 /* EmployeesListViewController.swift in Sources */ = {isa = PBXBuildFile; fileRef = BDE1F3E825F95A95009F6529 /* EmployeesListViewController.swift */; };
		BDE1F3EB25F95A95009F6529 /* EmployeesListCell.swift in Sources */ = {isa = PBXBuildFile; fileRef = BDE1F3E925F95A95009F6529 /* EmployeesListCell.swift */; };
		BDE1F3F225F95AA9009F6529 /* EmployeesListViewControllerTests.swift in Sources */ = {isa = PBXBuildFile; fileRef = BDE1F3F125F95AA9009F6529 /* EmployeesListViewControllerTests.swift */; };
		E761BE3B9C1FEAF35E77229A /* Pods_Employee_Directory.framework in Frameworks */ = {isa = PBXBuildFile; fileRef = D9CBEE08396843BF1BF96F6A /* Pods_Employee_Directory.framework */; };
/* End PBXBuildFile section */

/* Begin PBXContainerItemProxy section */
		BDE1F2F525F91405009F6529 /* PBXContainerItemProxy */ = {
			isa = PBXContainerItemProxy;
			containerPortal = BDE1F2D625F91402009F6529 /* Project object */;
			proxyType = 1;
			remoteGlobalIDString = BDE1F2DD25F91402009F6529;
			remoteInfo = "Employee Directory";
		};
/* End PBXContainerItemProxy section */

/* Begin PBXFileReference section */
		3148504B31F5DC78158D7BBD /* Pods_Employee_DirectoryTests.framework */ = {isa = PBXFileReference; explicitFileType = wrapper.framework; includeInIndex = 0; path = Pods_Employee_DirectoryTests.framework; sourceTree = BUILT_PRODUCTS_DIR; };
		4BC94F2F64DC721D3A7852F4 /* Pods-Employee DirectoryTests.release.xcconfig */ = {isa = PBXFileReference; includeInIndex = 1; lastKnownFileType = text.xcconfig; name = "Pods-Employee DirectoryTests.release.xcconfig"; path = "Target Support Files/Pods-Employee DirectoryTests/Pods-Employee DirectoryTests.release.xcconfig"; sourceTree = "<group>"; };
		5D4FB2EB0F42E5BC8BE01822 /* Pods-Employee Directory.release.xcconfig */ = {isa = PBXFileReference; includeInIndex = 1; lastKnownFileType = text.xcconfig; name = "Pods-Employee Directory.release.xcconfig"; path = "Target Support Files/Pods-Employee Directory/Pods-Employee Directory.release.xcconfig"; sourceTree = "<group>"; };
		729FFEC63780AB121D737B3C /* Pods-Employee DirectoryTests.debug.xcconfig */ = {isa = PBXFileReference; includeInIndex = 1; lastKnownFileType = text.xcconfig; name = "Pods-Employee DirectoryTests.debug.xcconfig"; path = "Target Support Files/Pods-Employee DirectoryTests/Pods-Employee DirectoryTests.debug.xcconfig"; sourceTree = "<group>"; };
		BDE1F2DE25F91402009F6529 /* Employee Directory.app */ = {isa = PBXFileReference; explicitFileType = wrapper.application; includeInIndex = 0; path = "Employee Directory.app"; sourceTree = BUILT_PRODUCTS_DIR; };
		BDE1F2E125F91402009F6529 /* AppDelegate.swift */ = {isa = PBXFileReference; lastKnownFileType = sourcecode.swift; path = AppDelegate.swift; sourceTree = "<group>"; };
		BDE1F2E325F91402009F6529 /* SceneDelegate.swift */ = {isa = PBXFileReference; lastKnownFileType = sourcecode.swift; path = SceneDelegate.swift; sourceTree = "<group>"; };
		BDE1F2EA25F91404009F6529 /* Assets.xcassets */ = {isa = PBXFileReference; lastKnownFileType = folder.assetcatalog; path = Assets.xcassets; sourceTree = "<group>"; };
		BDE1F2ED25F91404009F6529 /* Base */ = {isa = PBXFileReference; lastKnownFileType = file.storyboard; name = Base; path = Base.lproj/LaunchScreen.storyboard; sourceTree = "<group>"; };
		BDE1F2EF25F91404009F6529 /* Info.plist */ = {isa = PBXFileReference; lastKnownFileType = text.plist.xml; path = Info.plist; sourceTree = "<group>"; };
		BDE1F2F425F91405009F6529 /* Employee DirectoryTests.xctest */ = {isa = PBXFileReference; explicitFileType = wrapper.cfbundle; includeInIndex = 0; path = "Employee DirectoryTests.xctest"; sourceTree = BUILT_PRODUCTS_DIR; };
		BDE1F2FA25F91405009F6529 /* Info.plist */ = {isa = PBXFileReference; lastKnownFileType = text.plist.xml; path = Info.plist; sourceTree = "<group>"; };
		BDE1F33B25F92453009F6529 /* InitialScreenTest.swift */ = {isa = PBXFileReference; fileEncoding = 4; lastKnownFileType = sourcecode.swift; path = InitialScreenTest.swift; sourceTree = "<group>"; };
		BDE1F34025F924E0009F6529 /* Networking.swift */ = {isa = PBXFileReference; fileEncoding = 4; lastKnownFileType = sourcecode.swift; path = Networking.swift; sourceTree = "<group>"; };
		BDE1F34125F924E0009F6529 /* NetworkSession.swift */ = {isa = PBXFileReference; fileEncoding = 4; lastKnownFileType = sourcecode.swift; path = NetworkSession.swift; sourceTree = "<group>"; };
		BDE1F34225F924E0009F6529 /* NetworkingErrorHandler.swift */ = {isa = PBXFileReference; fileEncoding = 4; lastKnownFileType = sourcecode.swift; path = NetworkingErrorHandler.swift; sourceTree = "<group>"; };
		BDE1F34325F924E0009F6529 /* NetworkingRouter.swift */ = {isa = PBXFileReference; fileEncoding = 4; lastKnownFileType = sourcecode.swift; path = NetworkingRouter.swift; sourceTree = "<group>"; };
		BDE1F34B25F924FD009F6529 /* NetworkingErrorHandlerTests.swift */ = {isa = PBXFileReference; fileEncoding = 4; lastKnownFileType = sourcecode.swift; path = NetworkingErrorHandlerTests.swift; sourceTree = "<group>"; };
		BDE1F34C25F924FD009F6529 /* NetworkingRouterTests.swift */ = {isa = PBXFileReference; fileEncoding = 4; lastKnownFileType = sourcecode.swift; path = NetworkingRouterTests.swift; sourceTree = "<group>"; };
		BDE1F34D25F924FD009F6529 /* NetworkingTests.swift */ = {isa = PBXFileReference; fileEncoding = 4; lastKnownFileType = sourcecode.swift; path = NetworkingTests.swift; sourceTree = "<group>"; };
		BDE1F35625F9252D009F6529 /* MockNetworking.swift */ = {isa = PBXFileReference; fileEncoding = 4; lastKnownFileType = sourcecode.swift; path = MockNetworking.swift; sourceTree = "<group>"; };
		BDE1F35C25F92560009F6529 /* MockEmployees.swift */ = {isa = PBXFileReference; fileEncoding = 4; lastKnownFileType = sourcecode.swift; path = MockEmployees.swift; sourceTree = "<group>"; };
		BDE1F36325F925B6009F6529 /* Employees+Extension.swift */ = {isa = PBXFileReference; fileEncoding = 4; lastKnownFileType = sourcecode.swift; path = "Employees+Extension.swift"; sourceTree = "<group>"; };
		BDE1F36425F925B6009F6529 /* Employee+Extension.swift */ = {isa = PBXFileReference; fileEncoding = 4; lastKnownFileType = sourcecode.swift; path = "Employee+Extension.swift"; sourceTree = "<group>"; };
		BDE1F36625F925B6009F6529 /* Employee.proto */ = {isa = PBXFileReference; fileEncoding = 4; lastKnownFileType = sourcecode.protobuf; path = Employee.proto; sourceTree = "<group>"; };
		BDE1F36725F925B6009F6529 /* Employee.pb.swift */ = {isa = PBXFileReference; fileEncoding = 4; lastKnownFileType = sourcecode.swift; path = Employee.pb.swift; sourceTree = "<group>"; };
		BDE1F36825F925B6009F6529 /* Employees.pb.swift */ = {isa = PBXFileReference; fileEncoding = 4; lastKnownFileType = sourcecode.swift; path = Employees.pb.swift; sourceTree = "<group>"; };
		BDE1F36925F925B6009F6529 /* Employees.proto */ = {isa = PBXFileReference; fileEncoding = 4; lastKnownFileType = sourcecode.protobuf; path = Employees.proto; sourceTree = "<group>"; };
		BDE1F37325F925CD009F6529 /* EmployeeModelTests.swift */ = {isa = PBXFileReference; fileEncoding = 4; lastKnownFileType = sourcecode.swift; path = EmployeeModelTests.swift; sourceTree = "<group>"; };
		BDE1F37925F9264C009F6529 /* MockSessions.swift */ = {isa = PBXFileReference; fileEncoding = 4; lastKnownFileType = sourcecode.swift; path = MockSessions.swift; sourceTree = "<group>"; };
		BDE1F37F25F92670009F6529 /* employees_malformed.json */ = {isa = PBXFileReference; fileEncoding = 4; lastKnownFileType = text.json; path = employees_malformed.json; sourceTree = "<group>"; };
		BDE1F38025F92670009F6529 /* employees.json */ = {isa = PBXFileReference; fileEncoding = 4; lastKnownFileType = text.json; path = employees.json; sourceTree = "<group>"; };
		BDE1F38125F92670009F6529 /* employees_empty.json */ = {isa = PBXFileReference; fileEncoding = 4; lastKnownFileType = text.json; path = employees_empty.json; sourceTree = "<group>"; };
		BDE1F38A25F92FA1009F6529 /* CacheService.swift */ = {isa = PBXFileReference; fileEncoding = 4; lastKnownFileType = sourcecode.swift; path = CacheService.swift; sourceTree = "<group>"; };
		BDE1F38B25F92FA1009F6529 /* EmployeeService.swift */ = {isa = PBXFileReference; fileEncoding = 4; lastKnownFileType = sourcecode.swift; path = EmployeeService.swift; sourceTree = "<group>"; };
		BDE1F38D25F92FA1009F6529 /* CachedImageView.swift */ = {isa = PBXFileReference; fileEncoding = 4; lastKnownFileType = sourcecode.swift; path = CachedImageView.swift; sourceTree = "<group>"; };
		BDE1F38E25F92FA1009F6529 /* SquareColors.swift */ = {isa = PBXFileReference; fileEncoding = 4; lastKnownFileType = sourcecode.swift; path = SquareColors.swift; sourceTree = "<group>"; };
		BDE1F39625F92FB0009F6529 /* CachedImageViewTests.swift */ = {isa = PBXFileReference; fileEncoding = 4; lastKnownFileType = sourcecode.swift; path = CachedImageViewTests.swift; sourceTree = "<group>"; };
		BDE1F39825F92FB0009F6529 /* EmployeeServiceTests.swift */ = {isa = PBXFileReference; fileEncoding = 4; lastKnownFileType = sourcecode.swift; path = EmployeeServiceTests.swift; sourceTree = "<group>"; };
		BDE1F39925F92FB0009F6529 /* CacheServiceTests.swift */ = {isa = PBXFileReference; fileEncoding = 4; lastKnownFileType = sourcecode.swift; path = CacheServiceTests.swift; sourceTree = "<group>"; };
		BDE1F3A325F92FC9009F6529 /* StringHelper.swift */ = {isa = PBXFileReference; fileEncoding = 4; lastKnownFileType = sourcecode.swift; path = StringHelper.swift; sourceTree = "<group>"; };
		BDE1F3AF25F93006009F6529 /* MockCacheImageViewSessions.swift */ = {isa = PBXFileReference; fileEncoding = 4; lastKnownFileType = sourcecode.swift; path = MockCacheImageViewSessions.swift; sourceTree = "<group>"; };
		BDE1F3B525F93274009F6529 /* Localizable.strings */ = {isa = PBXFileReference; fileEncoding = 4; lastKnownFileType = text.plist.strings; path = Localizable.strings; sourceTree = "<group>"; };
		BDE1F3C025F9594C009F6529 /* EmployeesListViewModel.swift */ = {isa = PBXFileReference; fileEncoding = 4; lastKnownFileType = sourcecode.swift; path = EmployeesListViewModel.swift; sourceTree = "<group>"; };
		BDE1F3C725F9595C009F6529 /* EmployeesListViewModelTests.swift */ = {isa = PBXFileReference; fileEncoding = 4; lastKnownFileType = sourcecode.swift; path = EmployeesListViewModelTests.swift; sourceTree = "<group>"; };
		BDE1F3CD25F95985009F6529 /* MockEmployeeService.swift */ = {isa = PBXFileReference; fileEncoding = 4; lastKnownFileType = sourcecode.swift; path = MockEmployeeService.swift; sourceTree = "<group>"; };
		BDE1F3E825F95A95009F6529 /* EmployeesListViewController.swift */ = {isa = PBXFileReference; fileEncoding = 4; lastKnownFileType = sourcecode.swift; path = EmployeesListViewController.swift; sourceTree = "<group>"; };
		BDE1F3E925F95A95009F6529 /* EmployeesListCell.swift */ = {isa = PBXFileReference; fileEncoding = 4; lastKnownFileType = sourcecode.swift; path = EmployeesListCell.swift; sourceTree = "<group>"; };
		BDE1F3F125F95AA9009F6529 /* EmployeesListViewControllerTests.swift */ = {isa = PBXFileReference; fileEncoding = 4; lastKnownFileType = sourcecode.swift; path = EmployeesListViewControllerTests.swift; sourceTree = "<group>"; };
		D9CBEE08396843BF1BF96F6A /* Pods_Employee_Directory.framework */ = {isa = PBXFileReference; explicitFileType = wrapper.framework; includeInIndex = 0; path = Pods_Employee_Directory.framework; sourceTree = BUILT_PRODUCTS_DIR; };
		F179A6009AE1F6E057016BBF /* Pods-Employee Directory.debug.xcconfig */ = {isa = PBXFileReference; includeInIndex = 1; lastKnownFileType = text.xcconfig; name = "Pods-Employee Directory.debug.xcconfig"; path = "Target Support Files/Pods-Employee Directory/Pods-Employee Directory.debug.xcconfig"; sourceTree = "<group>"; };
/* End PBXFileReference section */

/* Begin PBXFrameworksBuildPhase section */
		BDE1F2DB25F91402009F6529 /* Frameworks */ = {
			isa = PBXFrameworksBuildPhase;
			buildActionMask = 2147483647;
			files = (
				E761BE3B9C1FEAF35E77229A /* Pods_Employee_Directory.framework in Frameworks */,
			);
			runOnlyForDeploymentPostprocessing = 0;
		};
		BDE1F2F125F91405009F6529 /* Frameworks */ = {
			isa = PBXFrameworksBuildPhase;
			buildActionMask = 2147483647;
			files = (
				420405D1ECC92B2C5B1273D4 /* Pods_Employee_DirectoryTests.framework in Frameworks */,
			);
			runOnlyForDeploymentPostprocessing = 0;
		};
/* End PBXFrameworksBuildPhase section */

/* Begin PBXGroup section */
		02D32F6F4F95ECD746EACFB5 /* Frameworks */ = {
			isa = PBXGroup;
			children = (
				D9CBEE08396843BF1BF96F6A /* Pods_Employee_Directory.framework */,
				3148504B31F5DC78158D7BBD /* Pods_Employee_DirectoryTests.framework */,
			);
			name = Frameworks;
			sourceTree = "<group>";
		};
		BDE1F2D525F91402009F6529 = {
			isa = PBXGroup;
			children = (
				BDE1F2E025F91402009F6529 /* Employee Directory */,
				BDE1F2F725F91405009F6529 /* Employee DirectoryTests */,
				BDE1F2DF25F91402009F6529 /* Products */,
				BFB1CFABDF2BA3D2C364FC6B /* Pods */,
				02D32F6F4F95ECD746EACFB5 /* Frameworks */,
			);
			sourceTree = "<group>";
		};
		BDE1F2DF25F91402009F6529 /* Products */ = {
			isa = PBXGroup;
			children = (
				BDE1F2DE25F91402009F6529 /* Employee Directory.app */,
				BDE1F2F425F91405009F6529 /* Employee DirectoryTests.xctest */,
			);
			name = Products;
			sourceTree = "<group>";
		};
		BDE1F2E025F91402009F6529 /* Employee Directory */ = {
			isa = PBXGroup;
			children = (
				BDE1F3BF25F9594C009F6529 /* View Model */,
				BDE1F3E725F95A95009F6529 /* Views */,
				BDE1F3A125F92FC9009F6529 /* Helpers */,
				BDE1F36525F925B6009F6529 /* Models + Extensions */,
				BDE1F33F25F924E0009F6529 /* Networking */,
				BDE1F38925F92FA1009F6529 /* Service */,
				BDE1F38C25F92FA1009F6529 /* Utils */,
				BDE1F2E125F91402009F6529 /* AppDelegate.swift */,
				BDE1F2E325F91402009F6529 /* SceneDelegate.swift */,
				BDE1F2EA25F91404009F6529 /* Assets.xcassets */,
				BDE1F2EC25F91404009F6529 /* LaunchScreen.storyboard */,
				BDE1F2EF25F91404009F6529 /* Info.plist */,
				BDE1F3B525F93274009F6529 /* Localizable.strings */,
			);
			path = "Employee Directory";
			sourceTree = "<group>";
		};
		BDE1F2F725F91405009F6529 /* Employee DirectoryTests */ = {
			isa = PBXGroup;
			children = (
				BDE1F35525F92520009F6529 /* Mocks */,
				BDE1F3C625F9595C009F6529 /* View Models */,
				BDE1F3F025F95AA9009F6529 /* Views */,
				BDE1F37225F925CD009F6529 /* Model Extensions */,
				BDE1F34A25F924FD009F6529 /* Networking */,
				BDE1F39725F92FB0009F6529 /* Service */,
				BDE1F39525F92FB0009F6529 /* Utils */,
				BDE1F33B25F92453009F6529 /* InitialScreenTest.swift */,
				BDE1F2FA25F91405009F6529 /* Info.plist */,
			);
			path = "Employee DirectoryTests";
			sourceTree = "<group>";
		};
		BDE1F33F25F924E0009F6529 /* Networking */ = {
			isa = PBXGroup;
			children = (
				BDE1F34025F924E0009F6529 /* Networking.swift */,
				BDE1F34125F924E0009F6529 /* NetworkSession.swift */,
				BDE1F34225F924E0009F6529 /* NetworkingErrorHandler.swift */,
				BDE1F34325F924E0009F6529 /* NetworkingRouter.swift */,
			);
			path = Networking;
			sourceTree = "<group>";
		};
		BDE1F34A25F924FD009F6529 /* Networking */ = {
			isa = PBXGroup;
			children = (
				BDE1F34B25F924FD009F6529 /* NetworkingErrorHandlerTests.swift */,
				BDE1F34C25F924FD009F6529 /* NetworkingRouterTests.swift */,
				BDE1F34D25F924FD009F6529 /* NetworkingTests.swift */,
			);
			path = Networking;
			sourceTree = "<group>";
		};
		BDE1F35525F92520009F6529 /* Mocks */ = {
			isa = PBXGroup;
			children = (
				BDE1F37925F9264C009F6529 /* MockSessions.swift */,
				BDE1F3AF25F93006009F6529 /* MockCacheImageViewSessions.swift */,
				BDE1F35625F9252D009F6529 /* MockNetworking.swift */,
				BDE1F3CD25F95985009F6529 /* MockEmployeeService.swift */,
				BDE1F35C25F92560009F6529 /* MockEmployees.swift */,
				BDE1F38125F92670009F6529 /* employees_empty.json */,
				BDE1F37F25F92670009F6529 /* employees_malformed.json */,
				BDE1F38025F92670009F6529 /* employees.json */,
			);
			path = Mocks;
			sourceTree = "<group>";
		};
		BDE1F36225F925B6009F6529 /* Extensions */ = {
			isa = PBXGroup;
			children = (
				BDE1F36325F925B6009F6529 /* Employees+Extension.swift */,
				BDE1F36425F925B6009F6529 /* Employee+Extension.swift */,
			);
			path = Extensions;
			sourceTree = "<group>";
		};
		BDE1F36525F925B6009F6529 /* Models + Extensions */ = {
			isa = PBXGroup;
			children = (
				BDE1F36225F925B6009F6529 /* Extensions */,
				BDE1F36625F925B6009F6529 /* Employee.proto */,
				BDE1F36725F925B6009F6529 /* Employee.pb.swift */,
				BDE1F36925F925B6009F6529 /* Employees.proto */,
				BDE1F36825F925B6009F6529 /* Employees.pb.swift */,
			);
			path = "Models + Extensions";
			sourceTree = "<group>";
		};
		BDE1F37225F925CD009F6529 /* Model Extensions */ = {
			isa = PBXGroup;
			children = (
				BDE1F37325F925CD009F6529 /* EmployeeModelTests.swift */,
			);
			path = "Model Extensions";
			sourceTree = "<group>";
		};
		BDE1F38925F92FA1009F6529 /* Service */ = {
			isa = PBXGroup;
			children = (
				BDE1F38A25F92FA1009F6529 /* CacheService.swift */,
				BDE1F38B25F92FA1009F6529 /* EmployeeService.swift */,
			);
			path = Service;
			sourceTree = "<group>";
		};
		BDE1F38C25F92FA1009F6529 /* Utils */ = {
			isa = PBXGroup;
			children = (
				BDE1F38D25F92FA1009F6529 /* CachedImageView.swift */,
				BDE1F38E25F92FA1009F6529 /* SquareColors.swift */,
			);
			path = Utils;
			sourceTree = "<group>";
		};
		BDE1F39525F92FB0009F6529 /* Utils */ = {
			isa = PBXGroup;
			children = (
				BDE1F39625F92FB0009F6529 /* CachedImageViewTests.swift */,
			);
			path = Utils;
			sourceTree = "<group>";
		};
		BDE1F39725F92FB0009F6529 /* Service */ = {
			isa = PBXGroup;
			children = (
				BDE1F39925F92FB0009F6529 /* CacheServiceTests.swift */,
				BDE1F39825F92FB0009F6529 /* EmployeeServiceTests.swift */,
			);
			path = Service;
			sourceTree = "<group>";
		};
		BDE1F3A125F92FC9009F6529 /* Helpers */ = {
			isa = PBXGroup;
			children = (
				BDE1F3A325F92FC9009F6529 /* StringHelper.swift */,
			);
			path = Helpers;
			sourceTree = "<group>";
		};
		BDE1F3BF25F9594C009F6529 /* View Model */ = {
			isa = PBXGroup;
			children = (
				BDE1F3C025F9594C009F6529 /* EmployeesListViewModel.swift */,
			);
			path = "View Model";
			sourceTree = "<group>";
		};
		BDE1F3C625F9595C009F6529 /* View Models */ = {
			isa = PBXGroup;
			children = (
				BDE1F3C725F9595C009F6529 /* EmployeesListViewModelTests.swift */,
			);
			path = "View Models";
			sourceTree = "<group>";
		};
		BDE1F3E725F95A95009F6529 /* Views */ = {
			isa = PBXGroup;
			children = (
				BDE1F3E825F95A95009F6529 /* EmployeesListViewController.swift */,
				BDE1F3E925F95A95009F6529 /* EmployeesListCell.swift */,
			);
			name = Views;
			path = "../../iOS Projects/Employee Directory/Employee Directory/Views";
			sourceTree = "<group>";
		};
		BDE1F3F025F95AA9009F6529 /* Views */ = {
			isa = PBXGroup;
			children = (
				BDE1F3F125F95AA9009F6529 /* EmployeesListViewControllerTests.swift */,
			);
			path = Views;
			sourceTree = "<group>";
		};
		BFB1CFABDF2BA3D2C364FC6B /* Pods */ = {
			isa = PBXGroup;
			children = (
				F179A6009AE1F6E057016BBF /* Pods-Employee Directory.debug.xcconfig */,
				5D4FB2EB0F42E5BC8BE01822 /* Pods-Employee Directory.release.xcconfig */,
				729FFEC63780AB121D737B3C /* Pods-Employee DirectoryTests.debug.xcconfig */,
				4BC94F2F64DC721D3A7852F4 /* Pods-Employee DirectoryTests.release.xcconfig */,
			);
			path = Pods;
			sourceTree = "<group>";
		};
/* End PBXGroup section */

/* Begin PBXNativeTarget section */
		BDE1F2DD25F91402009F6529 /* Employee Directory */ = {
			isa = PBXNativeTarget;
			buildConfigurationList = BDE1F30825F91405009F6529 /* Build configuration list for PBXNativeTarget "Employee Directory" */;
			buildPhases = (
				8E240AA46B47019556A32F47 /* [CP] Check Pods Manifest.lock */,
				BDE1F2DA25F91402009F6529 /* Sources */,
				BDE1F2DB25F91402009F6529 /* Frameworks */,
				BDE1F2DC25F91402009F6529 /* Resources */,
				A20965C7684D4D7C792C6281 /* [CP] Embed Pods Frameworks */,
			);
			buildRules = (
			);
			dependencies = (
			);
			name = "Employee Directory";
			productName = "Employee Directory";
			productReference = BDE1F2DE25F91402009F6529 /* Employee Directory.app */;
			productType = "com.apple.product-type.application";
		};
		BDE1F2F325F91405009F6529 /* Employee DirectoryTests */ = {
			isa = PBXNativeTarget;
			buildConfigurationList = BDE1F30B25F91405009F6529 /* Build configuration list for PBXNativeTarget "Employee DirectoryTests" */;
			buildPhases = (
				3E12CCA3E1AE1621DF3BFD55 /* [CP] Check Pods Manifest.lock */,
				BDE1F2F025F91405009F6529 /* Sources */,
				BDE1F2F125F91405009F6529 /* Frameworks */,
				BDE1F2F225F91405009F6529 /* Resources */,
			);
			buildRules = (
			);
			dependencies = (
				BDE1F2F625F91405009F6529 /* PBXTargetDependency */,
			);
			name = "Employee DirectoryTests";
			productName = "Employee DirectoryTests";
			productReference = BDE1F2F425F91405009F6529 /* Employee DirectoryTests.xctest */;
			productType = "com.apple.product-type.bundle.unit-test";
		};
/* End PBXNativeTarget section */

/* Begin PBXProject section */
		BDE1F2D625F91402009F6529 /* Project object */ = {
			isa = PBXProject;
			attributes = {
				LastSwiftUpdateCheck = 1240;
				LastUpgradeCheck = 1240;
				TargetAttributes = {
					BDE1F2DD25F91402009F6529 = {
						CreatedOnToolsVersion = 12.4;
					};
					BDE1F2F325F91405009F6529 = {
						CreatedOnToolsVersion = 12.4;
						LastSwiftMigration = 1240;
						TestTargetID = BDE1F2DD25F91402009F6529;
					};
				};
			};
			buildConfigurationList = BDE1F2D925F91402009F6529 /* Build configuration list for PBXProject "Employee Directory" */;
			compatibilityVersion = "Xcode 9.3";
			developmentRegion = en;
			hasScannedForEncodings = 0;
			knownRegions = (
				en,
				Base,
			);
			mainGroup = BDE1F2D525F91402009F6529;
			productRefGroup = BDE1F2DF25F91402009F6529 /* Products */;
			projectDirPath = "";
			projectRoot = "";
			targets = (
				BDE1F2DD25F91402009F6529 /* Employee Directory */,
				BDE1F2F325F91405009F6529 /* Employee DirectoryTests */,
			);
		};
/* End PBXProject section */

/* Begin PBXResourcesBuildPhase section */
		BDE1F2DC25F91402009F6529 /* Resources */ = {
			isa = PBXResourcesBuildPhase;
			buildActionMask = 2147483647;
			files = (
				BDE1F2EE25F91404009F6529 /* LaunchScreen.storyboard in Resources */,
				BDE1F3B625F93274009F6529 /* Localizable.strings in Resources */,
				BDE1F2EB25F91404009F6529 /* Assets.xcassets in Resources */,
			);
			runOnlyForDeploymentPostprocessing = 0;
		};
		BDE1F2F225F91405009F6529 /* Resources */ = {
			isa = PBXResourcesBuildPhase;
			buildActionMask = 2147483647;
			files = (
				BDE1F38225F92670009F6529 /* employees_malformed.json in Resources */,
				BDE1F38325F92670009F6529 /* employees.json in Resources */,
				BDE1F38425F92670009F6529 /* employees_empty.json in Resources */,
			);
			runOnlyForDeploymentPostprocessing = 0;
		};
/* End PBXResourcesBuildPhase section */

/* Begin PBXShellScriptBuildPhase section */
		3E12CCA3E1AE1621DF3BFD55 /* [CP] Check Pods Manifest.lock */ = {
			isa = PBXShellScriptBuildPhase;
			buildActionMask = 2147483647;
			files = (
			);
			inputFileListPaths = (
			);
			inputPaths = (
				"${PODS_PODFILE_DIR_PATH}/Podfile.lock",
				"${PODS_ROOT}/Manifest.lock",
			);
			name = "[CP] Check Pods Manifest.lock";
			outputFileListPaths = (
			);
			outputPaths = (
				"$(DERIVED_FILE_DIR)/Pods-Employee DirectoryTests-checkManifestLockResult.txt",
			);
			runOnlyForDeploymentPostprocessing = 0;
			shellPath = /bin/sh;
			shellScript = "diff \"${PODS_PODFILE_DIR_PATH}/Podfile.lock\" \"${PODS_ROOT}/Manifest.lock\" > /dev/null\nif [ $? != 0 ] ; then\n    # print error to STDERR\n    echo \"error: The sandbox is not in sync with the Podfile.lock. Run 'pod install' or update your CocoaPods installation.\" >&2\n    exit 1\nfi\n# This output is used by Xcode 'outputs' to avoid re-running this script phase.\necho \"SUCCESS\" > \"${SCRIPT_OUTPUT_FILE_0}\"\n";
			showEnvVarsInLog = 0;
		};
		8E240AA46B47019556A32F47 /* [CP] Check Pods Manifest.lock */ = {
			isa = PBXShellScriptBuildPhase;
			buildActionMask = 2147483647;
			files = (
			);
			inputFileListPaths = (
			);
			inputPaths = (
				"${PODS_PODFILE_DIR_PATH}/Podfile.lock",
				"${PODS_ROOT}/Manifest.lock",
			);
			name = "[CP] Check Pods Manifest.lock";
			outputFileListPaths = (
			);
			outputPaths = (
				"$(DERIVED_FILE_DIR)/Pods-Employee Directory-checkManifestLockResult.txt",
			);
			runOnlyForDeploymentPostprocessing = 0;
			shellPath = /bin/sh;
			shellScript = "diff \"${PODS_PODFILE_DIR_PATH}/Podfile.lock\" \"${PODS_ROOT}/Manifest.lock\" > /dev/null\nif [ $? != 0 ] ; then\n    # print error to STDERR\n    echo \"error: The sandbox is not in sync with the Podfile.lock. Run 'pod install' or update your CocoaPods installation.\" >&2\n    exit 1\nfi\n# This output is used by Xcode 'outputs' to avoid re-running this script phase.\necho \"SUCCESS\" > \"${SCRIPT_OUTPUT_FILE_0}\"\n";
			showEnvVarsInLog = 0;
		};
		A20965C7684D4D7C792C6281 /* [CP] Embed Pods Frameworks */ = {
			isa = PBXShellScriptBuildPhase;
			buildActionMask = 2147483647;
			files = (
			);
			inputFileListPaths = (
				"${PODS_ROOT}/Target Support Files/Pods-Employee Directory/Pods-Employee Directory-frameworks-${CONFIGURATION}-input-files.xcfilelist",
			);
			name = "[CP] Embed Pods Frameworks";
			outputFileListPaths = (
				"${PODS_ROOT}/Target Support Files/Pods-Employee Directory/Pods-Employee Directory-frameworks-${CONFIGURATION}-output-files.xcfilelist",
			);
			runOnlyForDeploymentPostprocessing = 0;
			shellPath = /bin/sh;
			shellScript = "\"${PODS_ROOT}/Target Support Files/Pods-Employee Directory/Pods-Employee Directory-frameworks.sh\"\n";
			showEnvVarsInLog = 0;
		};
/* End PBXShellScriptBuildPhase section */

/* Begin PBXSourcesBuildPhase section */
		BDE1F2DA25F91402009F6529 /* Sources */ = {
			isa = PBXSourcesBuildPhase;
			buildActionMask = 2147483647;
			files = (
				BDE1F36B25F925B6009F6529 /* Employee+Extension.swift in Sources */,
				BDE1F3A525F92FC9009F6529 /* StringHelper.swift in Sources */,
				BDE1F2E225F91402009F6529 /* AppDelegate.swift in Sources */,
				BDE1F34625F924E0009F6529 /* NetworkingErrorHandler.swift in Sources */,
				BDE1F34525F924E0009F6529 /* NetworkSession.swift in Sources */,
				BDE1F36E25F925B6009F6529 /* Employees.pb.swift in Sources */,
				BDE1F3EB25F95A95009F6529 /* EmployeesListCell.swift in Sources */,
				BDE1F39225F92FA1009F6529 /* SquareColors.swift in Sources */,
				BDE1F36D25F925B6009F6529 /* Employee.pb.swift in Sources */,
				BDE1F39125F92FA1009F6529 /* CachedImageView.swift in Sources */,
				BDE1F34725F924E0009F6529 /* NetworkingRouter.swift in Sources */,
				BDE1F39025F92FA1009F6529 /* EmployeeService.swift in Sources */,
				BDE1F2E425F91402009F6529 /* SceneDelegate.swift in Sources */,
				BDE1F3EA25F95A95009F6529 /* EmployeesListViewController.swift in Sources */,
				BDE1F3C125F9594C009F6529 /* EmployeesListViewModel.swift in Sources */,
				BDE1F34425F924E0009F6529 /* Networking.swift in Sources */,
				BDE1F38F25F92FA1009F6529 /* CacheService.swift in Sources */,
				BDE1F36A25F925B6009F6529 /* Employees+Extension.swift in Sources */,
			);
			runOnlyForDeploymentPostprocessing = 0;
		};
		BDE1F2F025F91405009F6529 /* Sources */ = {
			isa = PBXSourcesBuildPhase;
			buildActionMask = 2147483647;
			files = (
				BDE1F33C25F92453009F6529 /* InitialScreenTest.swift in Sources */,
				BDE1F3C825F9595C009F6529 /* EmployeesListViewModelTests.swift in Sources */,
				BDE1F3B025F93006009F6529 /* MockCacheImageViewSessions.swift in Sources */,
				BDE1F39B25F92FB1009F6529 /* EmployeeServiceTests.swift in Sources */,
				BDE1F34F25F924FD009F6529 /* NetworkingRouterTests.swift in Sources */,
				BDE1F35725F9252D009F6529 /* MockNetworking.swift in Sources */,
				BDE1F39A25F92FB1009F6529 /* CachedImageViewTests.swift in Sources */,
				BDE1F35D25F92560009F6529 /* MockEmployees.swift in Sources */,
				BDE1F37425F925CD009F6529 /* EmployeeModelTests.swift in Sources */,
				BDE1F3CE25F95985009F6529 /* MockEmployeeService.swift in Sources */,
				BDE1F34E25F924FD009F6529 /* NetworkingErrorHandlerTests.swift in Sources */,
				BDE1F3F225F95AA9009F6529 /* EmployeesListViewControllerTests.swift in Sources */,
				BDE1F37A25F9264C009F6529 /* MockSessions.swift in Sources */,
				BDE1F35025F924FD009F6529 /* NetworkingTests.swift in Sources */,
				BDE1F39C25F92FB1009F6529 /* CacheServiceTests.swift in Sources */,
			);
			runOnlyForDeploymentPostprocessing = 0;
		};
/* End PBXSourcesBuildPhase section */

/* Begin PBXTargetDependency section */
		BDE1F2F625F91405009F6529 /* PBXTargetDependency */ = {
			isa = PBXTargetDependency;
			target = BDE1F2DD25F91402009F6529 /* Employee Directory */;
			targetProxy = BDE1F2F525F91405009F6529 /* PBXContainerItemProxy */;
		};
/* End PBXTargetDependency section */

/* Begin PBXVariantGroup section */
		BDE1F2EC25F91404009F6529 /* LaunchScreen.storyboard */ = {
			isa = PBXVariantGroup;
			children = (
				BDE1F2ED25F91404009F6529 /* Base */,
			);
			name = LaunchScreen.storyboard;
			sourceTree = "<group>";
		};
/* End PBXVariantGroup section */

/* Begin XCBuildConfiguration section */
		BDE1F30625F91405009F6529 /* Debug */ = {
			isa = XCBuildConfiguration;
			buildSettings = {
				ALWAYS_SEARCH_USER_PATHS = NO;
				CLANG_ANALYZER_NONNULL = YES;
				CLANG_ANALYZER_NUMBER_OBJECT_CONVERSION = YES_AGGRESSIVE;
				CLANG_CXX_LANGUAGE_STANDARD = "gnu++14";
				CLANG_CXX_LIBRARY = "libc++";
				CLANG_ENABLE_MODULES = YES;
				CLANG_ENABLE_OBJC_ARC = YES;
				CLANG_ENABLE_OBJC_WEAK = YES;
				CLANG_WARN_BLOCK_CAPTURE_AUTORELEASING = YES;
				CLANG_WARN_BOOL_CONVERSION = YES;
				CLANG_WARN_COMMA = YES;
				CLANG_WARN_CONSTANT_CONVERSION = YES;
				CLANG_WARN_DEPRECATED_OBJC_IMPLEMENTATIONS = YES;
				CLANG_WARN_DIRECT_OBJC_ISA_USAGE = YES_ERROR;
				CLANG_WARN_DOCUMENTATION_COMMENTS = YES;
				CLANG_WARN_EMPTY_BODY = YES;
				CLANG_WARN_ENUM_CONVERSION = YES;
				CLANG_WARN_INFINITE_RECURSION = YES;
				CLANG_WARN_INT_CONVERSION = YES;
				CLANG_WARN_NON_LITERAL_NULL_CONVERSION = YES;
				CLANG_WARN_OBJC_IMPLICIT_RETAIN_SELF = YES;
				CLANG_WARN_OBJC_LITERAL_CONVERSION = YES;
				CLANG_WARN_OBJC_ROOT_CLASS = YES_ERROR;
				CLANG_WARN_QUOTED_INCLUDE_IN_FRAMEWORK_HEADER = YES;
				CLANG_WARN_RANGE_LOOP_ANALYSIS = YES;
				CLANG_WARN_STRICT_PROTOTYPES = YES;
				CLANG_WARN_SUSPICIOUS_MOVE = YES;
				CLANG_WARN_UNGUARDED_AVAILABILITY = YES_AGGRESSIVE;
				CLANG_WARN_UNREACHABLE_CODE = YES;
				CLANG_WARN__DUPLICATE_METHOD_MATCH = YES;
				COPY_PHASE_STRIP = NO;
				DEBUG_INFORMATION_FORMAT = dwarf;
				ENABLE_STRICT_OBJC_MSGSEND = YES;
				ENABLE_TESTABILITY = YES;
				GCC_C_LANGUAGE_STANDARD = gnu11;
				GCC_DYNAMIC_NO_PIC = NO;
				GCC_NO_COMMON_BLOCKS = YES;
				GCC_OPTIMIZATION_LEVEL = 0;
				GCC_PREPROCESSOR_DEFINITIONS = (
					"DEBUG=1",
					"$(inherited)",
				);
				GCC_WARN_64_TO_32_BIT_CONVERSION = YES;
				GCC_WARN_ABOUT_RETURN_TYPE = YES_ERROR;
				GCC_WARN_UNDECLARED_SELECTOR = YES;
				GCC_WARN_UNINITIALIZED_AUTOS = YES_AGGRESSIVE;
				GCC_WARN_UNUSED_FUNCTION = YES;
				GCC_WARN_UNUSED_VARIABLE = YES;
				IPHONEOS_DEPLOYMENT_TARGET = 13.0;
				MTL_ENABLE_DEBUG_INFO = INCLUDE_SOURCE;
				MTL_FAST_MATH = YES;
				ONLY_ACTIVE_ARCH = YES;
				SDKROOT = iphoneos;
				SWIFT_ACTIVE_COMPILATION_CONDITIONS = DEBUG;
				SWIFT_OPTIMIZATION_LEVEL = "-Onone";
			};
			name = Debug;
		};
		BDE1F30725F91405009F6529 /* Release */ = {
			isa = XCBuildConfiguration;
			buildSettings = {
				ALWAYS_SEARCH_USER_PATHS = NO;
				CLANG_ANALYZER_NONNULL = YES;
				CLANG_ANALYZER_NUMBER_OBJECT_CONVERSION = YES_AGGRESSIVE;
				CLANG_CXX_LANGUAGE_STANDARD = "gnu++14";
				CLANG_CXX_LIBRARY = "libc++";
				CLANG_ENABLE_MODULES = YES;
				CLANG_ENABLE_OBJC_ARC = YES;
				CLANG_ENABLE_OBJC_WEAK = YES;
				CLANG_WARN_BLOCK_CAPTURE_AUTORELEASING = YES;
				CLANG_WARN_BOOL_CONVERSION = YES;
				CLANG_WARN_COMMA = YES;
				CLANG_WARN_CONSTANT_CONVERSION = YES;
				CLANG_WARN_DEPRECATED_OBJC_IMPLEMENTATIONS = YES;
				CLANG_WARN_DIRECT_OBJC_ISA_USAGE = YES_ERROR;
				CLANG_WARN_DOCUMENTATION_COMMENTS = YES;
				CLANG_WARN_EMPTY_BODY = YES;
				CLANG_WARN_ENUM_CONVERSION = YES;
				CLANG_WARN_INFINITE_RECURSION = YES;
				CLANG_WARN_INT_CONVERSION = YES;
				CLANG_WARN_NON_LITERAL_NULL_CONVERSION = YES;
				CLANG_WARN_OBJC_IMPLICIT_RETAIN_SELF = YES;
				CLANG_WARN_OBJC_LITERAL_CONVERSION = YES;
				CLANG_WARN_OBJC_ROOT_CLASS = YES_ERROR;
				CLANG_WARN_QUOTED_INCLUDE_IN_FRAMEWORK_HEADER = YES;
				CLANG_WARN_RANGE_LOOP_ANALYSIS = YES;
				CLANG_WARN_STRICT_PROTOTYPES = YES;
				CLANG_WARN_SUSPICIOUS_MOVE = YES;
				CLANG_WARN_UNGUARDED_AVAILABILITY = YES_AGGRESSIVE;
				CLANG_WARN_UNREACHABLE_CODE = YES;
				CLANG_WARN__DUPLICATE_METHOD_MATCH = YES;
				COPY_PHASE_STRIP = NO;
				DEBUG_INFORMATION_FORMAT = "dwarf-with-dsym";
				ENABLE_NS_ASSERTIONS = NO;
				ENABLE_STRICT_OBJC_MSGSEND = YES;
				GCC_C_LANGUAGE_STANDARD = gnu11;
				GCC_NO_COMMON_BLOCKS = YES;
				GCC_WARN_64_TO_32_BIT_CONVERSION = YES;
				GCC_WARN_ABOUT_RETURN_TYPE = YES_ERROR;
				GCC_WARN_UNDECLARED_SELECTOR = YES;
				GCC_WARN_UNINITIALIZED_AUTOS = YES_AGGRESSIVE;
				GCC_WARN_UNUSED_FUNCTION = YES;
				GCC_WARN_UNUSED_VARIABLE = YES;
				IPHONEOS_DEPLOYMENT_TARGET = 13.0;
				MTL_ENABLE_DEBUG_INFO = NO;
				MTL_FAST_MATH = YES;
				SDKROOT = iphoneos;
				SWIFT_COMPILATION_MODE = wholemodule;
				SWIFT_OPTIMIZATION_LEVEL = "-O";
				VALIDATE_PRODUCT = YES;
			};
			name = Release;
		};
		BDE1F30925F91405009F6529 /* Debug */ = {
			isa = XCBuildConfiguration;
			baseConfigurationReference = F179A6009AE1F6E057016BBF /* Pods-Employee Directory.debug.xcconfig */;
			buildSettings = {
				ASSETCATALOG_COMPILER_APPICON_NAME = AppIcon;
				ASSETCATALOG_COMPILER_GLOBAL_ACCENT_COLOR_NAME = AccentColor;
				CODE_SIGN_STYLE = Automatic;
				DEVELOPMENT_TEAM = TJ53FWTPA8;
				INFOPLIST_FILE = "Employee Directory/Info.plist";
				IPHONEOS_DEPLOYMENT_TARGET = 13.0;
				LD_RUNPATH_SEARCH_PATHS = (
					"$(inherited)",
					"@executable_path/Frameworks",
				);
				PRODUCT_BUNDLE_IDENTIFIER = "Brad-Chessin.Employee-Directory";
				PRODUCT_NAME = "$(TARGET_NAME)";
				SWIFT_VERSION = 5.0;
				TARGETED_DEVICE_FAMILY = "1,2";
			};
			name = Debug;
		};
		BDE1F30A25F91405009F6529 /* Release */ = {
			isa = XCBuildConfiguration;
			baseConfigurationReference = 5D4FB2EB0F42E5BC8BE01822 /* Pods-Employee Directory.release.xcconfig */;
			buildSettings = {
				ASSETCATALOG_COMPILER_APPICON_NAME = AppIcon;
				ASSETCATALOG_COMPILER_GLOBAL_ACCENT_COLOR_NAME = AccentColor;
				CODE_SIGN_STYLE = Automatic;
				DEVELOPMENT_TEAM = TJ53FWTPA8;
				INFOPLIST_FILE = "Employee Directory/Info.plist";
				IPHONEOS_DEPLOYMENT_TARGET = 13.0;
				LD_RUNPATH_SEARCH_PATHS = (
					"$(inherited)",
					"@executable_path/Frameworks",
				);
				PRODUCT_BUNDLE_IDENTIFIER = "Brad-Chessin.Employee-Directory";
				PRODUCT_NAME = "$(TARGET_NAME)";
				SWIFT_VERSION = 5.0;
				TARGETED_DEVICE_FAMILY = "1,2";
			};
			name = Release;
		};
		BDE1F30C25F91405009F6529 /* Debug */ = {
			isa = XCBuildConfiguration;
			baseConfigurationReference = 729FFEC63780AB121D737B3C /* Pods-Employee DirectoryTests.debug.xcconfig */;
			buildSettings = {
				ALWAYS_EMBED_SWIFT_STANDARD_LIBRARIES = YES;
				BUNDLE_LOADER = "$(TEST_HOST)";
				CLANG_ENABLE_MODULES = YES;
				CODE_SIGN_STYLE = Automatic;
				DEVELOPMENT_TEAM = TJ53FWTPA8;
				INFOPLIST_FILE = "Employee DirectoryTests/Info.plist";
				IPHONEOS_DEPLOYMENT_TARGET = 13.0;
				LD_RUNPATH_SEARCH_PATHS = (
					"$(inherited)",
					"@executable_path/Frameworks",
					"@loader_path/Frameworks",
				);
				PRODUCT_BUNDLE_IDENTIFIER = "Brad-Chessin.Employee-DirectoryTests";
				PRODUCT_NAME = "$(TARGET_NAME)";
				SWIFT_OPTIMIZATION_LEVEL = "-Onone";
				SWIFT_VERSION = 5.0;
				TARGETED_DEVICE_FAMILY = "1,2";
				TEST_HOST = "$(BUILT_PRODUCTS_DIR)/Employee Directory.app/Employee Directory";
			};
			name = Debug;
		};
		BDE1F30D25F91405009F6529 /* Release */ = {
			isa = XCBuildConfiguration;
			baseConfigurationReference = 4BC94F2F64DC721D3A7852F4 /* Pods-Employee DirectoryTests.release.xcconfig */;
			buildSettings = {
				ALWAYS_EMBED_SWIFT_STANDARD_LIBRARIES = YES;
				BUNDLE_LOADER = "$(TEST_HOST)";
				CLANG_ENABLE_MODULES = YES;
				CODE_SIGN_STYLE = Automatic;
				DEVELOPMENT_TEAM = TJ53FWTPA8;
				INFOPLIST_FILE = "Employee DirectoryTests/Info.plist";
				IPHONEOS_DEPLOYMENT_TARGET = 13.0;
				LD_RUNPATH_SEARCH_PATHS = (
					"$(inherited)",
					"@executable_path/Frameworks",
					"@loader_path/Frameworks",
				);
				PRODUCT_BUNDLE_IDENTIFIER = "Brad-Chessin.Employee-DirectoryTests";
				PRODUCT_NAME = "$(TARGET_NAME)";
				SWIFT_VERSION = 5.0;
				TARGETED_DEVICE_FAMILY = "1,2";
				TEST_HOST = "$(BUILT_PRODUCTS_DIR)/Employee Directory.app/Employee Directory";
			};
			name = Release;
		};
/* End XCBuildConfiguration section */

/* Begin XCConfigurationList section */
		BDE1F2D925F91402009F6529 /* Build configuration list for PBXProject "Employee Directory" */ = {
			isa = XCConfigurationList;
			buildConfigurations = (
				BDE1F30625F91405009F6529 /* Debug */,
				BDE1F30725F91405009F6529 /* Release */,
			);
			defaultConfigurationIsVisible = 0;
			defaultConfigurationName = Release;
		};
		BDE1F30825F91405009F6529 /* Build configuration list for PBXNativeTarget "Employee Directory" */ = {
			isa = XCConfigurationList;
			buildConfigurations = (
				BDE1F30925F91405009F6529 /* Debug */,
				BDE1F30A25F91405009F6529 /* Release */,
			);
			defaultConfigurationIsVisible = 0;
			defaultConfigurationName = Release;
		};
		BDE1F30B25F91405009F6529 /* Build configuration list for PBXNativeTarget "Employee DirectoryTests" */ = {
			isa = XCConfigurationList;
			buildConfigurations = (
				BDE1F30C25F91405009F6529 /* Debug */,
				BDE1F30D25F91405009F6529 /* Release */,
			);
			defaultConfigurationIsVisible = 0;
			defaultConfigurationName = Release;
		};
/* End XCConfigurationList section */
	};
	rootObject = BDE1F2D625F91402009F6529 /* Project object */;
}
